{
  "requires": true,
  "lockfileVersion": 1,
  "dependencies": {
    "@abaplint/cli": {
      "version": "2.79.26",
      "resolved": "https://registry.npmjs.org/@abaplint/cli/-/cli-2.79.26.tgz",
      "integrity": "sha512-EVM/6TdAb8K8oXJ8eculZV73icvnh+bSjXq1DZ4IIjB4A8W//DDTx8ykdM57psuHurqFsL+Cd6X61VZJfj8LBQ==",
      "dev": true
    },
    "@abaplint/runtime": {
      "version": "1.6.39",
      "resolved": "https://registry.npmjs.org/@abaplint/runtime/-/runtime-1.6.39.tgz",
      "integrity": "sha512-lVcgmioCqsC7NrEJHtwW4JfnBHO+W98zLuGrGatVPnPmmqukTX3lzg6eaTWlQekN4w2Ilr6fCTqTK0PlzLE+jw==",
      "dev": true,
      "requires": {
        "hdb": "^0.18.3",
        "sql.js": "^1.6.2"
      }
    },
    "@abaplint/transpiler-cli": {
      "version": "1.6.39",
      "resolved": "https://registry.npmjs.org/@abaplint/transpiler-cli/-/transpiler-cli-1.6.39.tgz",
      "integrity": "sha512-zrm41aUBcJ13Rs45NMfh5Ws/IoBZgh2l4ocDnSEf/BsSRRY9sZm6rl/jM42vxXWdHQXXfEy5UJZd220N99UFpA==",
      "dev": true
    },
    "hdb": {
      "version": "0.18.3",
      "resolved": "https://registry.npmjs.org/hdb/-/hdb-0.18.3.tgz",
      "integrity": "sha512-VH65JBxILtRDFpWsl74sl12rzVVDgEgjmey8b+CyhzZgm2XwuLh20p99uce32s8om7rFFdOC6b/hwt8VHmU8iQ==",
      "dev": true,
      "requires": {
        "iconv-lite": "^0.4.18"
      }
    },
    "iconv-lite": {
      "version": "0.4.24",
      "resolved": "https://registry.npmjs.org/iconv-lite/-/iconv-lite-0.4.24.tgz",
      "integrity": "sha512-v3MXnZAcvnywkTUEZomIActle7RXXeedOR31wwl7VlyoXO4Qi9arvSenNQWne1TcRwhCL1HwLI21bEqdpj8/rA==",
      "dev": true,
      "requires": {
        "safer-buffer": ">= 2.1.2 < 3"
      }
    },
    "safer-buffer": {
      "version": "2.1.2",
      "resolved": "https://registry.npmjs.org/safer-buffer/-/safer-buffer-2.1.2.tgz",
      "integrity": "sha512-YZo3K82SD7Riyi0E1EQPojLz7kpepnSQI9IyPbHHg1XXXevb5dJI7tpyN2ADxGcQbHG7vcyRHk0cbwqcQriUtg==",
      "dev": true
    },
    "sql.js": {
      "version": "1.6.2",
      "resolved": "https://registry.npmjs.org/sql.js/-/sql.js-1.6.2.tgz",
      "integrity": "sha512-9iucI5fXQa+Gspeqf/BNB20PxJIn5LhXDt4mjXoFPqXdR+NqtFs15SdKpSIJ6s529aGL9zFR9p2eSCIEiMsNGA==",
      "dev": true
    }
  }
}
